
Microsoft Visual Studio Solution File, Format Version 12.00
# Visual Studio Version 17
VisualStudioVersion = 17.6.33723.286
MinimumVisualStudioVersion = 10.0.40219.1
Project("{FAE04EC0-301F-11D3-BF4B-00C04F79EFBC}") = "DataStructure", "DataStructure\DataStructure.csproj", "{A69A1794-ABF9-4190-B2C9-67BA16BC0C40}"
EndProject
Global
	GlobalSection(SolutionConfigurationPlatforms) = preSolution
		Debug|Any CPU = Debug|Any CPU
		Release|Any CPU = Release|Any CPU
	EndGlobalSection
	GlobalSection(ProjectConfigurationPlatforms) = postSolution
		{A69A1794-ABF9-4190-B2C9-67BA16BC0C40}.Debug|Any CPU.ActiveCfg = Debug|Any CPU
		{A69A1794-ABF9-4190-B2C9-67BA16BC0C40}.Debug|Any CPU.Build.0 = Debug|Any CPU
		{A69A1794-ABF9-4190-B2C9-67BA16BC0C40}.Release|Any CPU.ActiveCfg = Release|Any CPU
		{A69A1794-ABF9-4190-B2C9-67BA16BC0C40}.Release|Any CPU.Build.0 = Release|Any CPU
	EndGlobalSection
	GlobalSection(SolutionProperties) = preSolution
		HideSolutionNode = FALSE
	EndGlobalSection
	GlobalSection(ExtensibilityGlobals) = postSolution
		SolutionGuid = {7A03D068-67C5-4275-B8A1-7489E1248930}
	EndGlobalSection
EndGlobal
